# This file is automatically @generated by Cargo.
# It is not intended for manual editing.
version = 3

[[package]]
name = "libc"
version = "0.2.153"
source = "registry+https://github.com/rust-lang/crates.io-index"
checksum = "9c198f91728a82281a64e1f4f9eeb25d82cb32a5de251c6bd1b5154d63a8e7bd"

[[package]]
name = "linux-futex"
version = "0.2.0"
source = "registry+https://github.com/rust-lang/crates.io-index"
checksum = "222e5374b2d82313ab4d592bf28d075bd31db6593eab2f714bf13d23c4f0bc9d"
dependencies = [
 "libc",
]

[[package]]
name = "memmap2"
version = "0.9.4"
source = "registry+https://github.com/rust-lang/crates.io-index"
checksum = "fe751422e4a8caa417e13c3ea66452215d7d63e19e604f4980461212f3ae1322"
dependencies = [
 "libc",
]

[[package]]
name = "user-ring"
version = "0.0.0"
dependencies = [
 "linux-futex",
 "memmap2",
]
